
Microsoft Visual Studio Solution File, Format Version 12.00
# Visual Studio Version 17
VisualStudioVersion = 17.4.33122.133
MinimumVisualStudioVersion = 10.0.40219.1
Project("{FAE04EC0-301F-11D3-BF4B-00C04F79EFBC}") = "EvoSocialAPI", "EvoSocialAPI\EvoSocialAPI.csproj", "{D93FA23F-71B6-4A50-BE67-7B4D5F5C7176}"
EndProject
Global
	GlobalSection(SolutionConfigurationPlatforms) = preSolution
		Debug|Any CPU = Debug|Any CPU
		Release|Any CPU = Release|Any CPU
	EndGlobalSection
	GlobalSection(ProjectConfigurationPlatforms) = postSolution
		{D93FA23F-71B6-4A50-BE67-7B4D5F5C7176}.Debug|Any CPU.ActiveCfg = Debug|Any CPU
		{D93FA23F-71B6-4A50-BE67-7B4D5F5C7176}.Debug|Any CPU.Build.0 = Debug|Any CPU
		{D93FA23F-71B6-4A50-BE67-7B4D5F5C7176}.Release|Any CPU.ActiveCfg = Release|Any CPU
		{D93FA23F-71B6-4A50-BE67-7B4D5F5C7176}.Release|Any CPU.Build.0 = Release|Any CPU
	EndGlobalSection
	GlobalSection(SolutionProperties) = preSolution
		HideSolutionNode = FALSE
	EndGlobalSection
	GlobalSection(ExtensibilityGlobals) = postSolution
		SolutionGuid = {1783DCA6-FFA0-46FA-B98A-5B8BA2CFCCE4}
	EndGlobalSection
EndGlobal
